
Microsoft Visual Studio Solution File, Format Version 12.00
# Visual Studio Version 17
VisualStudioVersion = 17.2.32616.157
MinimumVisualStudioVersion = 10.0.40219.1
Project("{9A19103F-16F7-4668-BE54-9A1E7A4F7556}") = "RayTracing", "RayTracing\RayTracing.csproj", "{AA82824B-B4FC-42FF-81D7-7D002533772D}"
EndProject
Project("{FAE04EC0-301F-11D3-BF4B-00C04F79EFBC}") = "WebApplication1", "WebApplication1\WebApplication1.csproj", "{F3CF6A98-CFF8-4C9E-8A24-D9BDBF40839D}"
EndProject
Global
	GlobalSection(SolutionConfigurationPlatforms) = preSolution
		Debug|Any CPU = Debug|Any CPU
		Debug|x86 = Debug|x86
		Release|Any CPU = Release|Any CPU
		Release|x86 = Release|x86
	EndGlobalSection
	GlobalSection(ProjectConfigurationPlatforms) = postSolution
		{AA82824B-B4FC-42FF-81D7-7D002533772D}.Debug|Any CPU.ActiveCfg = Debug|Any CPU
		{AA82824B-B4FC-42FF-81D7-7D002533772D}.Debug|Any CPU.Build.0 = Debug|Any CPU
		{AA82824B-B4FC-42FF-81D7-7D002533772D}.Debug|x86.ActiveCfg = Debug|x86
		{AA82824B-B4FC-42FF-81D7-7D002533772D}.Debug|x86.Build.0 = Debug|x86
		{AA82824B-B4FC-42FF-81D7-7D002533772D}.Release|Any CPU.ActiveCfg = Release|Any CPU
		{AA82824B-B4FC-42FF-81D7-7D002533772D}.Release|Any CPU.Build.0 = Release|Any CPU
		{AA82824B-B4FC-42FF-81D7-7D002533772D}.Release|x86.ActiveCfg = Release|x86
		{AA82824B-B4FC-42FF-81D7-7D002533772D}.Release|x86.Build.0 = Release|x86
		{F3CF6A98-CFF8-4C9E-8A24-D9BDBF40839D}.Debug|Any CPU.ActiveCfg = Debug|Any CPU
		{F3CF6A98-CFF8-4C9E-8A24-D9BDBF40839D}.Debug|Any CPU.Build.0 = Debug|Any CPU
		{F3CF6A98-CFF8-4C9E-8A24-D9BDBF40839D}.Debug|x86.ActiveCfg = Debug|Any CPU
		{F3CF6A98-CFF8-4C9E-8A24-D9BDBF40839D}.Debug|x86.Build.0 = Debug|Any CPU
		{F3CF6A98-CFF8-4C9E-8A24-D9BDBF40839D}.Release|Any CPU.ActiveCfg = Release|Any CPU
		{F3CF6A98-CFF8-4C9E-8A24-D9BDBF40839D}.Release|Any CPU.Build.0 = Release|Any CPU
		{F3CF6A98-CFF8-4C9E-8A24-D9BDBF40839D}.Release|x86.ActiveCfg = Release|Any CPU
		{F3CF6A98-CFF8-4C9E-8A24-D9BDBF40839D}.Release|x86.Build.0 = Release|Any CPU
	EndGlobalSection
	GlobalSection(SolutionProperties) = preSolution
		HideSolutionNode = FALSE
	EndGlobalSection
	GlobalSection(ExtensibilityGlobals) = postSolution
		SolutionGuid = {EEF2FA43-AF09-4629-BEB2-E61099A39D79}
	EndGlobalSection
EndGlobal
